
Microsoft Visual Studio Solution File, Format Version 12.00
# Visual Studio 15
VisualStudioVersion = 15.0.28307.1401
MinimumVisualStudioVersion = 10.0.40219.1
Project("{FAE04EC0-301F-11D3-BF4B-00C04F79EFBC}") = "Ejercicio4", "Ejercicio4\Ejercicio4.csproj", "{8D013F70-7F30-4E39-B241-872DB09B9507}"
EndProject
Global
	GlobalSection(SolutionConfigurationPlatforms) = preSolution
		Debug|Any CPU = Debug|Any CPU
		Release|Any CPU = Release|Any CPU
	EndGlobalSection
	GlobalSection(ProjectConfigurationPlatforms) = postSolution
		{8D013F70-7F30-4E39-B241-872DB09B9507}.Debug|Any CPU.ActiveCfg = Debug|Any CPU
		{8D013F70-7F30-4E39-B241-872DB09B9507}.Debug|Any CPU.Build.0 = Debug|Any CPU
		{8D013F70-7F30-4E39-B241-872DB09B9507}.Release|Any CPU.ActiveCfg = Release|Any CPU
		{8D013F70-7F30-4E39-B241-872DB09B9507}.Release|Any CPU.Build.0 = Release|Any CPU
	EndGlobalSection
	GlobalSection(SolutionProperties) = preSolution
		HideSolutionNode = FALSE
	EndGlobalSection
	GlobalSection(ExtensibilityGlobals) = postSolution
		SolutionGuid = {CF52E3B5-728C-4A2A-92AF-E82458F4699D}
	EndGlobalSection
EndGlobal
